
Microsoft Visual Studio Solution File, Format Version 12.00
# Visual Studio 15
VisualStudioVersion = 15.0.33801.198
MinimumVisualStudioVersion = 10.0.40219.1
Project("{FAE04EC0-301F-11D3-BF4B-00C04F79EFBC}") = "MesContacts", "MesContacts\MesContacts.csproj", "{FAEC05B5-1758-4DFF-89B7-1B03C2AAD2D1}"
EndProject
Global
	GlobalSection(SolutionConfigurationPlatforms) = preSolution
		Debug|Any CPU = Debug|Any CPU
		Release|Any CPU = Release|Any CPU
	EndGlobalSection
	GlobalSection(ProjectConfigurationPlatforms) = postSolution
		{FAEC05B5-1758-4DFF-89B7-1B03C2AAD2D1}.Debug|Any CPU.ActiveCfg = Debug|Any CPU
		{FAEC05B5-1758-4DFF-89B7-1B03C2AAD2D1}.Debug|Any CPU.Build.0 = Debug|Any CPU
		{FAEC05B5-1758-4DFF-89B7-1B03C2AAD2D1}.Release|Any CPU.ActiveCfg = Release|Any CPU
		{FAEC05B5-1758-4DFF-89B7-1B03C2AAD2D1}.Release|Any CPU.Build.0 = Release|Any CPU
	EndGlobalSection
	GlobalSection(SolutionProperties) = preSolution
		HideSolutionNode = FALSE
	EndGlobalSection
	GlobalSection(ExtensibilityGlobals) = postSolution
		SolutionGuid = {81507469-5CDB-496D-B5FA-D30F7CEECDC8}
	EndGlobalSection
EndGlobal
